// !$*UTF8*$!
{
	archiveVersion = 1;
	classes = {
	};
	objectVersion = 46;
	objects = {

/* Begin PBXBuildFile section */
		6628D0F728E8346F03955819 /* Board.swift in Sources */ = {isa = PBXBuildFile; fileRef = 6628D2E717D6E1AEF5BE4DF8 /* Board.swift */; };
		6628D24E7B05884D82E047D8 /* Shuffle.swift in Sources */ = {isa = PBXBuildFile; fileRef = 6628D15B6A9DBE9204D1E927 /* Shuffle.swift */; };
		6628D5CFF565DAB82B83B7C8 /* main.swift in Sources */ = {isa = PBXBuildFile; fileRef = 6628DCA143F206D516CC3DB9 /* main.swift */; };
		6628DC429E7EF54BE0083A95 /* Graph.swift in Sources */ = {isa = PBXBuildFile; fileRef = 6628D31DC2FB909755C78167 /* Graph.swift */; };
/* End PBXBuildFile section */

/* Begin PBXCopyFilesBuildPhase section */
		6628D90DCD4C58DA13BCE84C /* CopyFiles */ = {
			isa = PBXCopyFilesBuildPhase;
			buildActionMask = 2147483647;
			dstPath = /usr/share/man/man1/;
			dstSubfolderSpec = 0;
			files = (
			);
			runOnlyForDeploymentPostprocessing = 1;
		};
/* End PBXCopyFilesBuildPhase section */

/* Begin PBXFileReference section */
		6628D15B6A9DBE9204D1E927 /* Shuffle.swift */ = {isa = PBXFileReference; fileEncoding = 4; lastKnownFileType = sourcecode.swift; path = Shuffle.swift; sourceTree = "<group>"; };
		6628D2E717D6E1AEF5BE4DF8 /* Board.swift */ = {isa = PBXFileReference; fileEncoding = 4; lastKnownFileType = sourcecode.swift; path = Board.swift; sourceTree = "<group>"; };
		6628D31DC2FB909755C78167 /* Graph.swift */ = {isa = PBXFileReference; fileEncoding = 4; lastKnownFileType = sourcecode.swift; path = Graph.swift; sourceTree = "<group>"; };
		6628D400E13184B9B176DB0E /* AIGame */ = {isa = PBXFileReference; explicitFileType = "compiled.mach-o.executable"; includeInIndex = 0; path = AIGame; sourceTree = BUILT_PRODUCTS_DIR; };
		6628DCA143F206D516CC3DB9 /* main.swift */ = {isa = PBXFileReference; fileEncoding = 4; lastKnownFileType = sourcecode.swift; path = main.swift; sourceTree = "<group>"; };
/* End PBXFileReference section */

/* Begin PBXFrameworksBuildPhase section */
		6628D83C0181DC286FF6BF4B /* Frameworks */ = {
			isa = PBXFrameworksBuildPhase;
			buildActionMask = 2147483647;
			files = (
			);
			runOnlyForDeploymentPostprocessing = 0;
		};
/* End PBXFrameworksBuildPhase section */

/* Begin PBXGroup section */
		6628D2050A8EA33BFE9D67F0 = {
			isa = PBXGroup;
			children = (
				6628D894D96818174A8C6A2B /* Products */,
				6628D9C4E048A40F6E3D7829 /* AIGame */,
			);
			sourceTree = "<group>";
		};
		6628D7EECC45D4DF55C1E492 /* AI */ = {
			isa = PBXGroup;
			children = (
				6628D31DC2FB909755C78167 /* Graph.swift */,
				6628D15B6A9DBE9204D1E927 /* Shuffle.swift */,
			);
			path = AI;
			sourceTree = "<group>";
		};
		6628D894D96818174A8C6A2B /* Products */ = {
			isa = PBXGroup;
			children = (
				6628D400E13184B9B176DB0E /* AIGame */,
			);
			name = Products;
			sourceTree = "<group>";
		};
		6628D9C4E048A40F6E3D7829 /* AIGame */ = {
			isa = PBXGroup;
			children = (
				6628D7EECC45D4DF55C1E492 /* AI */,
				6628DFA723ED461CC4C3CD72 /* Game */,
				6628DCA143F206D516CC3DB9 /* main.swift */,
			);
			path = AIGame;
			sourceTree = "<group>";
		};
		6628DFA723ED461CC4C3CD72 /* Game */ = {
			isa = PBXGroup;
			children = (
				6628D2E717D6E1AEF5BE4DF8 /* Board.swift */,
			);
			path = Game;
			sourceTree = "<group>";
		};
/* End PBXGroup section */

/* Begin PBXNativeTarget section */
		6628D4F09CF91BCC0B45148A /* AIGame */ = {
			isa = PBXNativeTarget;
			buildConfigurationList = 6628D1043294ED914644070E /* Build configuration list for PBXNativeTarget "AIGame" */;
			buildPhases = (
				6628D71DB7C8580579093195 /* Sources */,
				6628D83C0181DC286FF6BF4B /* Frameworks */,
				6628D90DCD4C58DA13BCE84C /* CopyFiles */,
			);
			buildRules = (
			);
			dependencies = (
			);
			name = AIGame;
			productName = AIGame;
			productReference = 6628D400E13184B9B176DB0E /* AIGame */;
			productType = "com.apple.product-type.tool";
		};
/* End PBXNativeTarget section */

/* Begin PBXProject section */
		6628DD395A6F12B3010BABA8 /* Project object */ = {
			isa = PBXProject;
			attributes = {
				ORGANIZATIONNAME = nadolny;
			};
			buildConfigurationList = 6628DD1B70CA2940B697A913 /* Build configuration list for PBXProject "AIGame" */;
			compatibilityVersion = "Xcode 3.2";
			developmentRegion = English;
			hasScannedForEncodings = 0;
			knownRegions = (
				en,
			);
			mainGroup = 6628D2050A8EA33BFE9D67F0;
			productRefGroup = 6628D894D96818174A8C6A2B /* Products */;
			projectDirPath = "";
			projectRoot = "";
			targets = (
				6628D4F09CF91BCC0B45148A /* AIGame */,
			);
		};
/* End PBXProject section */

/* Begin PBXSourcesBuildPhase section */
		6628D71DB7C8580579093195 /* Sources */ = {
			isa = PBXSourcesBuildPhase;
			buildActionMask = 2147483647;
			files = (
				6628DC429E7EF54BE0083A95 /* Graph.swift in Sources */,
				6628D0F728E8346F03955819 /* Board.swift in Sources */,
				6628D5CFF565DAB82B83B7C8 /* main.swift in Sources */,
				6628D24E7B05884D82E047D8 /* Shuffle.swift in Sources */,
			);
			runOnlyForDeploymentPostprocessing = 0;
		};
/* End PBXSourcesBuildPhase section */

/* Begin XCBuildConfiguration section */
		6628D5B69F3F1198A44E2FC8 /* Debug */ = {
			isa = XCBuildConfiguration;
			buildSettings = {
				CLANG_USE_OPTIMIZATION_PROFILE = YES;
				PRODUCT_NAME = "$(TARGET_NAME)";
				SWIFT_VERSION = 4.1;
			};
			name = Debug;
		};
		6628DA392E349D994DEBB9F7 /* Debug */ = {
			isa = XCBuildConfiguration;
			buildSettings = {
				ALWAYS_SEARCH_USER_PATHS = NO;
				CLANG_ANALYZER_NONNULL = YES;
				CLANG_ANALYZER_NUMBER_OBJECT_CONVERSION = YES_AGGRESSIVE;
				CLANG_CXX_LANGUAGE_STANDARD = "gnu++14";
				CLANG_CXX_LIBRARY = "libc++";
				CLANG_ENABLE_MODULES = YES;
				CLANG_ENABLE_OBJC_ARC = YES;
				CLANG_ENABLE_OBJC_WEAK = YES;
				CLANG_WARN_BLOCK_CAPTURE_AUTORELEASING = YES;
				CLANG_WARN_BOOL_CONVERSION = YES;
				CLANG_WARN_COMMA = YES;
				CLANG_WARN_CONSTANT_CONVERSION = YES;
				CLANG_WARN_DEPRECATED_OBJC_IMPLEMENTATIONS = YES;
				CLANG_WARN_DIRECT_OBJC_ISA_USAGE = YES_ERROR;
				CLANG_WARN_DOCUMENTATION_COMMENTS = YES;
				CLANG_WARN_EMPTY_BODY = YES;
				CLANG_WARN_ENUM_CONVERSION = YES;
				CLANG_WARN_INFINITE_RECURSION = YES;
				CLANG_WARN_INT_CONVERSION = YES;
				CLANG_WARN_NON_LITERAL_NULL_CONVERSION = YES;
				CLANG_WARN_OBJC_IMPLICIT_RETAIN_SELF = YES;
				CLANG_WARN_OBJC_LITERAL_CONVERSION = YES;
				CLANG_WARN_OBJC_ROOT_CLASS = YES_ERROR;
				CLANG_WARN_RANGE_LOOP_ANALYSIS = YES;
				CLANG_WARN_STRICT_PROTOTYPES = YES;
				CLANG_WARN_SUSPICIOUS_MOVE = YES;
				CLANG_WARN_UNGUARDED_AVAILABILITY = YES_AGGRESSIVE;
				CLANG_WARN_UNREACHABLE_CODE = YES;
				CLANG_WARN__DUPLICATE_METHOD_MATCH = YES;
				CODE_SIGN_IDENTITY = "-";
				COPY_PHASE_STRIP = NO;
				DEBUG_INFORMATION_FORMAT = dwarf;
				ENABLE_STRICT_OBJC_MSGSEND = YES;
				ENABLE_TESTABILITY = YES;
				GCC_C_LANGUAGE_STANDARD = gnu11;
				GCC_DYNAMIC_NO_PIC = NO;
				GCC_NO_COMMON_BLOCKS = YES;
				GCC_OPTIMIZATION_LEVEL = 0;
				GCC_PREPROCESSOR_DEFINITIONS = (
					"DEBUG=1",
					"$(inherited)",
				);
				GCC_WARN_64_TO_32_BIT_CONVERSION = YES;
				GCC_WARN_ABOUT_RETURN_TYPE = YES_ERROR;
				GCC_WARN_UNDECLARED_SELECTOR = YES;
				GCC_WARN_UNINITIALIZED_AUTOS = YES_AGGRESSIVE;
				GCC_WARN_UNUSED_FUNCTION = YES;
				GCC_WARN_UNUSED_VARIABLE = YES;
				MACOSX_DEPLOYMENT_TARGET = 10.13;
				MTL_ENABLE_DEBUG_INFO = YES;
				ONLY_ACTIVE_ARCH = YES;
				SDKROOT = macosx;
				SWIFT_ACTIVE_COMPILATION_CONDITIONS = DEBUG;
				SWIFT_OPTIMIZATION_LEVEL = "-Onone";
			};
			name = Debug;
		};
		6628DD1D657164BB362E12DD /* Release */ = {
			isa = XCBuildConfiguration;
			buildSettings = {
				ALWAYS_SEARCH_USER_PATHS = NO;
				CLANG_ANALYZER_NONNULL = YES;
				CLANG_ANALYZER_NUMBER_OBJECT_CONVERSION = YES_AGGRESSIVE;
				CLANG_CXX_LANGUAGE_STANDARD = "gnu++14";
				CLANG_CXX_LIBRARY = "libc++";
				CLANG_ENABLE_MODULES = YES;
				CLANG_ENABLE_OBJC_ARC = YES;
				CLANG_ENABLE_OBJC_WEAK = YES;
				CLANG_WARN_BLOCK_CAPTURE_AUTORELEASING = YES;
				CLANG_WARN_BOOL_CONVERSION = YES;
				CLANG_WARN_COMMA = YES;
				CLANG_WARN_CONSTANT_CONVERSION = YES;
				CLANG_WARN_DEPRECATED_OBJC_IMPLEMENTATIONS = YES;
				CLANG_WARN_DIRECT_OBJC_ISA_USAGE = YES_ERROR;
				CLANG_WARN_DOCUMENTATION_COMMENTS = YES;
				CLANG_WARN_EMPTY_BODY = YES;
				CLANG_WARN_ENUM_CONVERSION = YES;
				CLANG_WARN_INFINITE_RECURSION = YES;
				CLANG_WARN_INT_CONVERSION = YES;
				CLANG_WARN_NON_LITERAL_NULL_CONVERSION = YES;
				CLANG_WARN_OBJC_IMPLICIT_RETAIN_SELF = YES;
				CLANG_WARN_OBJC_LITERAL_CONVERSION = YES;
				CLANG_WARN_OBJC_ROOT_CLASS = YES_ERROR;
				CLANG_WARN_RANGE_LOOP_ANALYSIS = YES;
				CLANG_WARN_STRICT_PROTOTYPES = YES;
				CLANG_WARN_SUSPICIOUS_MOVE = YES;
				CLANG_WARN_UNGUARDED_AVAILABILITY = YES_AGGRESSIVE;
				CLANG_WARN_UNREACHABLE_CODE = YES;
				CLANG_WARN__DUPLICATE_METHOD_MATCH = YES;
				CODE_SIGN_IDENTITY = "-";
				COPY_PHASE_STRIP = NO;
				DEBUG_INFORMATION_FORMAT = "dwarf-with-dsym";
				ENABLE_NS_ASSERTIONS = NO;
				ENABLE_STRICT_OBJC_MSGSEND = YES;
				GCC_C_LANGUAGE_STANDARD = gnu11;
				GCC_NO_COMMON_BLOCKS = YES;
				GCC_OPTIMIZATION_LEVEL = "";
				GCC_WARN_64_TO_32_BIT_CONVERSION = YES;
				GCC_WARN_ABOUT_RETURN_TYPE = YES_ERROR;
				GCC_WARN_UNDECLARED_SELECTOR = YES;
				GCC_WARN_UNINITIALIZED_AUTOS = YES_AGGRESSIVE;
				GCC_WARN_UNUSED_FUNCTION = YES;
				GCC_WARN_UNUSED_VARIABLE = YES;
				MACOSX_DEPLOYMENT_TARGET = 10.13;
				MTL_ENABLE_DEBUG_INFO = NO;
				SDKROOT = macosx;
				SWIFT_OPTIMIZATION_LEVEL = "-Owholemodule";
			};
			name = Release;
		};
		6628DDE02368B0C2BC893786 /* Release */ = {
			isa = XCBuildConfiguration;
			buildSettings = {
				CLANG_USE_OPTIMIZATION_PROFILE = YES;
				PRODUCT_NAME = "$(TARGET_NAME)";
				SWIFT_VERSION = 4.1;
			};
			name = Release;
		};
/* End XCBuildConfiguration section */

/* Begin XCConfigurationList section */
		6628D1043294ED914644070E /* Build configuration list for PBXNativeTarget "AIGame" */ = {
			isa = XCConfigurationList;
			buildConfigurations = (
				6628D5B69F3F1198A44E2FC8 /* Debug */,
				6628DDE02368B0C2BC893786 /* Release */,
			);
			defaultConfigurationIsVisible = 0;
			defaultConfigurationName = Release;
		};
		6628DD1B70CA2940B697A913 /* Build configuration list for PBXProject "AIGame" */ = {
			isa = XCConfigurationList;
			buildConfigurations = (
				6628DA392E349D994DEBB9F7 /* Debug */,
				6628DD1D657164BB362E12DD /* Release */,
			);
			defaultConfigurationIsVisible = 0;
			defaultConfigurationName = Release;
		};
/* End XCConfigurationList section */
	};
	rootObject = 6628DD395A6F12B3010BABA8 /* Project object */;
}
